
Microsoft Visual Studio Solution File, Format Version 12.00
# Visual Studio Version 17
VisualStudioVersion = 17.1.32328.378
MinimumVisualStudioVersion = 10.0.40219.1
Project("{FAE04EC0-301F-11D3-BF4B-00C04F79EFBC}") = "SearchingAlgo", "SearchingAlgo.csproj", "{3C876FE8-C7BB-484F-97B5-9162B09EC22B}"
EndProject
Global
	GlobalSection(SolutionConfigurationPlatforms) = preSolution
		Debug|Any CPU = Debug|Any CPU
		Release|Any CPU = Release|Any CPU
	EndGlobalSection
	GlobalSection(ProjectConfigurationPlatforms) = postSolution
		{3C876FE8-C7BB-484F-97B5-9162B09EC22B}.Debug|Any CPU.ActiveCfg = Debug|Any CPU
		{3C876FE8-C7BB-484F-97B5-9162B09EC22B}.Debug|Any CPU.Build.0 = Debug|Any CPU
		{3C876FE8-C7BB-484F-97B5-9162B09EC22B}.Release|Any CPU.ActiveCfg = Release|Any CPU
		{3C876FE8-C7BB-484F-97B5-9162B09EC22B}.Release|Any CPU.Build.0 = Release|Any CPU
	EndGlobalSection
	GlobalSection(SolutionProperties) = preSolution
		HideSolutionNode = FALSE
	EndGlobalSection
	GlobalSection(ExtensibilityGlobals) = postSolution
		SolutionGuid = {04EA1F34-66A1-41C6-B051-5C85872F758C}
	EndGlobalSection
EndGlobal
